// !$*UTF8*$!
{
	archiveVersion = 1;
	classes = {
	};
	objectVersion = 55;
	objects = {

/* Begin PBXBuildFile section */
		623ED1E12786FAD5000247C0 /* AppDelegate.swift in Sources */ = {isa = PBXBuildFile; fileRef = 623ED1E02786FAD5000247C0 /* AppDelegate.swift */; };
		623ED1E32786FAD5000247C0 /* SceneDelegate.swift in Sources */ = {isa = PBXBuildFile; fileRef = 623ED1E22786FAD5000247C0 /* SceneDelegate.swift */; };
		623ED1E52786FAD5000247C0 /* ViewController.swift in Sources */ = {isa = PBXBuildFile; fileRef = 623ED1E42786FAD5000247C0 /* ViewController.swift */; };
		623ED1E82786FAD5000247C0 /* Main.storyboard in Resources */ = {isa = PBXBuildFile; fileRef = 623ED1E62786FAD5000247C0 /* Main.storyboard */; };
		623ED1EA2786FAD7000247C0 /* Assets.xcassets in Resources */ = {isa = PBXBuildFile; fileRef = 623ED1E92786FAD7000247C0 /* Assets.xcassets */; };
		623ED1ED2786FAD7000247C0 /* LaunchScreen.storyboard in Resources */ = {isa = PBXBuildFile; fileRef = 623ED1EB2786FAD7000247C0 /* LaunchScreen.storyboard */; };
		623ED1F82786FAD8000247C0 /* TipAppTests.swift in Sources */ = {isa = PBXBuildFile; fileRef = 623ED1F72786FAD8000247C0 /* TipAppTests.swift */; };
		623ED2022786FAD8000247C0 /* TipAppUITests.swift in Sources */ = {isa = PBXBuildFile; fileRef = 623ED2012786FAD8000247C0 /* TipAppUITests.swift */; };
		623ED2042786FAD8000247C0 /* TipAppUITestsLaunchTests.swift in Sources */ = {isa = PBXBuildFile; fileRef = 623ED2032786FAD8000247C0 /* TipAppUITestsLaunchTests.swift */; };
/* End PBXBuildFile section */

/* Begin PBXContainerItemProxy section */
		623ED1F42786FAD8000247C0 /* PBXContainerItemProxy */ = {
			isa = PBXContainerItemProxy;
			containerPortal = 623ED1D52786FAD5000247C0 /* Project object */;
			proxyType = 1;
			remoteGlobalIDString = 623ED1DC2786FAD5000247C0;
			remoteInfo = TipApp;
		};
		623ED1FE2786FAD8000247C0 /* PBXContainerItemProxy */ = {
			isa = PBXContainerItemProxy;
			containerPortal = 623ED1D52786FAD5000247C0 /* Project object */;
			proxyType = 1;
			remoteGlobalIDString = 623ED1DC2786FAD5000247C0;
			remoteInfo = TipApp;
		};
/* End PBXContainerItemProxy section */

/* Begin PBXFileReference section */
		623ED1DD2786FAD5000247C0 /* TipApp.app */ = {isa = PBXFileReference; explicitFileType = wrapper.application; includeInIndex = 0; path = TipApp.app; sourceTree = BUILT_PRODUCTS_DIR; };
		623ED1E02786FAD5000247C0 /* AppDelegate.swift */ = {isa = PBXFileReference; lastKnownFileType = sourcecode.swift; path = AppDelegate.swift; sourceTree = "<group>"; };
		623ED1E22786FAD5000247C0 /* SceneDelegate.swift */ = {isa = PBXFileReference; lastKnownFileType = sourcecode.swift; path = SceneDelegate.swift; sourceTree = "<group>"; };
		623ED1E42786FAD5000247C0 /* ViewController.swift */ = {isa = PBXFileReference; lastKnownFileType = sourcecode.swift; path = ViewController.swift; sourceTree = "<group>"; };
		623ED1E72786FAD5000247C0 /* Base */ = {isa = PBXFileReference; lastKnownFileType = file.storyboard; name = Base; path = Base.lproj/Main.storyboard; sourceTree = "<group>"; };
		623ED1E92786FAD7000247C0 /* Assets.xcassets */ = {isa = PBXFileReference; lastKnownFileType = folder.assetcatalog; path = Assets.xcassets; sourceTree = "<group>"; };
		623ED1EC2786FAD7000247C0 /* Base */ = {isa = PBXFileReference; lastKnownFileType = file.storyboard; name = Base; path = Base.lproj/LaunchScreen.storyboard; sourceTree = "<group>"; };
		623ED1EE2786FAD7000247C0 /* Info.plist */ = {isa = PBXFileReference; lastKnownFileType = text.plist.xml; path = Info.plist; sourceTree = "<group>"; };
		623ED1F32786FAD8000247C0 /* TipAppTests.xctest */ = {isa = PBXFileReference; explicitFileType = wrapper.cfbundle; includeInIndex = 0; path = TipAppTests.xctest; sourceTree = BUILT_PRODUCTS_DIR; };
		623ED1F72786FAD8000247C0 /* TipAppTests.swift */ = {isa = PBXFileReference; lastKnownFileType = sourcecode.swift; path = TipAppTests.swift; sourceTree = "<group>"; };
		623ED1FD2786FAD8000247C0 /* TipAppUITests.xctest */ = {isa = PBXFileReference; explicitFileType = wrapper.cfbundle; includeInIndex = 0; path = TipAppUITests.xctest; sourceTree = BUILT_PRODUCTS_DIR; };
		623ED2012786FAD8000247C0 /* TipAppUITests.swift */ = {isa = PBXFileReference; lastKnownFileType = sourcecode.swift; path = TipAppUITests.swift; sourceTree = "<group>"; };
		623ED2032786FAD8000247C0 /* TipAppUITestsLaunchTests.swift */ = {isa = PBXFileReference; lastKnownFileType = sourcecode.swift; path = TipAppUITestsLaunchTests.swift; sourceTree = "<group>"; };
/* End PBXFileReference section */

/* Begin PBXFrameworksBuildPhase section */
		623ED1DA2786FAD5000247C0 /* Frameworks */ = {
			isa = PBXFrameworksBuildPhase;
			buildActionMask = 2147483647;
			files = (
			);
			runOnlyForDeploymentPostprocessing = 0;
		};
		623ED1F02786FAD8000247C0 /* Frameworks */ = {
			isa = PBXFrameworksBuildPhase;
			buildActionMask = 2147483647;
			files = (
			);
			runOnlyForDeploymentPostprocessing = 0;
		};
		623ED1FA2786FAD8000247C0 /* Frameworks */ = {
			isa = PBXFrameworksBuildPhase;
			buildActionMask = 2147483647;
			files = (
			);
			runOnlyForDeploymentPostprocessing = 0;
		};
/* End PBXFrameworksBuildPhase section */

/* Begin PBXGroup section */
		623ED1D42786FAD5000247C0 = {
			isa = PBXGroup;
			children = (
				623ED1DF2786FAD5000247C0 /* TipApp */,
				623ED1F62786FAD8000247C0 /* TipAppTests */,
				623ED2002786FAD8000247C0 /* TipAppUITests */,
				623ED1DE2786FAD5000247C0 /* Products */,
			);
			sourceTree = "<group>";
		};
		623ED1DE2786FAD5000247C0 /* Products */ = {
			isa = PBXGroup;
			children = (
				623ED1DD2786FAD5000247C0 /* TipApp.app */,
				623ED1F32786FAD8000247C0 /* TipAppTests.xctest */,
				623ED1FD2786FAD8000247C0 /* TipAppUITests.xctest */,
			);
			name = Products;
			sourceTree = "<group>";
		};
		623ED1DF2786FAD5000247C0 /* TipApp */ = {
			isa = PBXGroup;
			children = (
				623ED1E02786FAD5000247C0 /* AppDelegate.swift */,
				623ED1E22786FAD5000247C0 /* SceneDelegate.swift */,
				623ED2122786FB07000247C0 /* Model */,
				623ED2102786FAEF000247C0 /* View */,
				623ED2112786FB01000247C0 /* Controller */,
				623ED1E92786FAD7000247C0 /* Assets.xcassets */,
				623ED1EB2786FAD7000247C0 /* LaunchScreen.storyboard */,
				623ED1EE2786FAD7000247C0 /* Info.plist */,
			);
			path = TipApp;
			sourceTree = "<group>";
		};
		623ED1F62786FAD8000247C0 /* TipAppTests */ = {
			isa = PBXGroup;
			children = (
				623ED1F72786FAD8000247C0 /* TipAppTests.swift */,
			);
			path = TipAppTests;
			sourceTree = "<group>";
		};
		623ED2002786FAD8000247C0 /* TipAppUITests */ = {
			isa = PBXGroup;
			children = (
				623ED2012786FAD8000247C0 /* TipAppUITests.swift */,
				623ED2032786FAD8000247C0 /* TipAppUITestsLaunchTests.swift */,
			);
			path = TipAppUITests;
			sourceTree = "<group>";
		};
		623ED2102786FAEF000247C0 /* View */ = {
			isa = PBXGroup;
			children = (
				623ED1E62786FAD5000247C0 /* Main.storyboard */,
			);
			path = View;
			sourceTree = "<group>";
		};
		623ED2112786FB01000247C0 /* Controller */ = {
			isa = PBXGroup;
			children = (
				623ED1E42786FAD5000247C0 /* ViewController.swift */,
			);
			path = Controller;
			sourceTree = "<group>";
		};
		623ED2122786FB07000247C0 /* Model */ = {
			isa = PBXGroup;
			children = (
			);
			path = Model;
			sourceTree = "<group>";
		};
/* End PBXGroup section */

/* Begin PBXNativeTarget section */
		623ED1DC2786FAD5000247C0 /* TipApp */ = {
			isa = PBXNativeTarget;
			buildConfigurationList = 623ED2072786FAD8000247C0 /* Build configuration list for PBXNativeTarget "TipApp" */;
			buildPhases = (
				623ED1D92786FAD5000247C0 /* Sources */,
				623ED1DA2786FAD5000247C0 /* Frameworks */,
				623ED1DB2786FAD5000247C0 /* Resources */,
			);
			buildRules = (
			);
			dependencies = (
			);
			name = TipApp;
			productName = TipApp;
			productReference = 623ED1DD2786FAD5000247C0 /* TipApp.app */;
			productType = "com.apple.product-type.application";
		};
		623ED1F22786FAD8000247C0 /* TipAppTests */ = {
			isa = PBXNativeTarget;
			buildConfigurationList = 623ED20A2786FAD8000247C0 /* Build configuration list for PBXNativeTarget "TipAppTests" */;
			buildPhases = (
				623ED1EF2786FAD8000247C0 /* Sources */,
				623ED1F02786FAD8000247C0 /* Frameworks */,
				623ED1F12786FAD8000247C0 /* Resources */,
			);
			buildRules = (
			);
			dependencies = (
				623ED1F52786FAD8000247C0 /* PBXTargetDependency */,
			);
			name = TipAppTests;
			productName = TipAppTests;
			productReference = 623ED1F32786FAD8000247C0 /* TipAppTests.xctest */;
			productType = "com.apple.product-type.bundle.unit-test";
		};
		623ED1FC2786FAD8000247C0 /* TipAppUITests */ = {
			isa = PBXNativeTarget;
			buildConfigurationList = 623ED20D2786FAD8000247C0 /* Build configuration list for PBXNativeTarget "TipAppUITests" */;
			buildPhases = (
				623ED1F92786FAD8000247C0 /* Sources */,
				623ED1FA2786FAD8000247C0 /* Frameworks */,
				623ED1FB2786FAD8000247C0 /* Resources */,
			);
			buildRules = (
			);
			dependencies = (
				623ED1FF2786FAD8000247C0 /* PBXTargetDependency */,
			);
			name = TipAppUITests;
			productName = TipAppUITests;
			productReference = 623ED1FD2786FAD8000247C0 /* TipAppUITests.xctest */;
			productType = "com.apple.product-type.bundle.ui-testing";
		};
/* End PBXNativeTarget section */

/* Begin PBXProject section */
		623ED1D52786FAD5000247C0 /* Project object */ = {
			isa = PBXProject;
			attributes = {
				BuildIndependentTargetsInParallel = 1;
				LastSwiftUpdateCheck = 1310;
				LastUpgradeCheck = 1310;
				TargetAttributes = {
					623ED1DC2786FAD5000247C0 = {
						CreatedOnToolsVersion = 13.1;
					};
					623ED1F22786FAD8000247C0 = {
						CreatedOnToolsVersion = 13.1;
						TestTargetID = 623ED1DC2786FAD5000247C0;
					};
					623ED1FC2786FAD8000247C0 = {
						CreatedOnToolsVersion = 13.1;
						TestTargetID = 623ED1DC2786FAD5000247C0;
					};
				};
			};
			buildConfigurationList = 623ED1D82786FAD5000247C0 /* Build configuration list for PBXProject "TipApp" */;
			compatibilityVersion = "Xcode 13.0";
			developmentRegion = en;
			hasScannedForEncodings = 0;
			knownRegions = (
				en,
				Base,
			);
			mainGroup = 623ED1D42786FAD5000247C0;
			productRefGroup = 623ED1DE2786FAD5000247C0 /* Products */;
			projectDirPath = "";
			projectRoot = "";
			targets = (
				623ED1DC2786FAD5000247C0 /* TipApp */,
				623ED1F22786FAD8000247C0 /* TipAppTests */,
				623ED1FC2786FAD8000247C0 /* TipAppUITests */,
			);
		};
/* End PBXProject section */

/* Begin PBXResourcesBuildPhase section */
		623ED1DB2786FAD5000247C0 /* Resources */ = {
			isa = PBXResourcesBuildPhase;
			buildActionMask = 2147483647;
			files = (
				623ED1ED2786FAD7000247C0 /* LaunchScreen.storyboard in Resources */,
				623ED1EA2786FAD7000247C0 /* Assets.xcassets in Resources */,
				623ED1E82786FAD5000247C0 /* Main.storyboard in Resources */,
			);
			runOnlyForDeploymentPostprocessing = 0;
		};
		623ED1F12786FAD8000247C0 /* Resources */ = {
			isa = PBXResourcesBuildPhase;
			buildActionMask = 2147483647;
			files = (
			);
			runOnlyForDeploymentPostprocessing = 0;
		};
		623ED1FB2786FAD8000247C0 /* Resources */ = {
			isa = PBXResourcesBuildPhase;
			buildActionMask = 2147483647;
			files = (
			);
			runOnlyForDeploymentPostprocessing = 0;
		};
/* End PBXResourcesBuildPhase section */

/* Begin PBXSourcesBuildPhase section */
		623ED1D92786FAD5000247C0 /* Sources */ = {
			isa = PBXSourcesBuildPhase;
			buildActionMask = 2147483647;
			files = (
				623ED1E52786FAD5000247C0 /* ViewController.swift in Sources */,
				623ED1E12786FAD5000247C0 /* AppDelegate.swift in Sources */,
				623ED1E32786FAD5000247C0 /* SceneDelegate.swift in Sources */,
			);
			runOnlyForDeploymentPostprocessing = 0;
		};
		623ED1EF2786FAD8000247C0 /* Sources */ = {
			isa = PBXSourcesBuildPhase;
			buildActionMask = 2147483647;
			files = (
				623ED1F82786FAD8000247C0 /* TipAppTests.swift in Sources */,
			);
			runOnlyForDeploymentPostprocessing = 0;
		};
		623ED1F92786FAD8000247C0 /* Sources */ = {
			isa = PBXSourcesBuildPhase;
			buildActionMask = 2147483647;
			files = (
				623ED2042786FAD8000247C0 /* TipAppUITestsLaunchTests.swift in Sources */,
				623ED2022786FAD8000247C0 /* TipAppUITests.swift in Sources */,
			);
			runOnlyForDeploymentPostprocessing = 0;
		};
/* End PBXSourcesBuildPhase section */

/* Begin PBXTargetDependency section */
		623ED1F52786FAD8000247C0 /* PBXTargetDependency */ = {
			isa = PBXTargetDependency;
			target = 623ED1DC2786FAD5000247C0 /* TipApp */;
			targetProxy = 623ED1F42786FAD8000247C0 /* PBXContainerItemProxy */;
		};
		623ED1FF2786FAD8000247C0 /* PBXTargetDependency */ = {
			isa = PBXTargetDependency;
			target = 623ED1DC2786FAD5000247C0 /* TipApp */;
			targetProxy = 623ED1FE2786FAD8000247C0 /* PBXContainerItemProxy */;
		};
/* End PBXTargetDependency section */

/* Begin PBXVariantGroup section */
		623ED1E62786FAD5000247C0 /* Main.storyboard */ = {
			isa = PBXVariantGroup;
			children = (
				623ED1E72786FAD5000247C0 /* Base */,
			);
			name = Main.storyboard;
			sourceTree = "<group>";
		};
		623ED1EB2786FAD7000247C0 /* LaunchScreen.storyboard */ = {
			isa = PBXVariantGroup;
			children = (
				623ED1EC2786FAD7000247C0 /* Base */,
			);
			name = LaunchScreen.storyboard;
			sourceTree = "<group>";
		};
/* End PBXVariantGroup section */

/* Begin XCBuildConfiguration section */
		623ED2052786FAD8000247C0 /* Debug */ = {
			isa = XCBuildConfiguration;
			buildSettings = {
				ALWAYS_SEARCH_USER_PATHS = NO;
				CLANG_ANALYZER_NONNULL = YES;
				CLANG_ANALYZER_NUMBER_OBJECT_CONVERSION = YES_AGGRESSIVE;
				CLANG_CXX_LANGUAGE_STANDARD = "gnu++17";
				CLANG_CXX_LIBRARY = "libc++";
				CLANG_ENABLE_MODULES = YES;
				CLANG_ENABLE_OBJC_ARC = YES;
				CLANG_ENABLE_OBJC_WEAK = YES;
				CLANG_WARN_BLOCK_CAPTURE_AUTORELEASING = YES;
				CLANG_WARN_BOOL_CONVERSION = YES;
				CLANG_WARN_COMMA = YES;
				CLANG_WARN_CONSTANT_CONVERSION = YES;
				CLANG_WARN_DEPRECATED_OBJC_IMPLEMENTATIONS = YES;
				CLANG_WARN_DIRECT_OBJC_ISA_USAGE = YES_ERROR;
				CLANG_WARN_DOCUMENTATION_COMMENTS = YES;
				CLANG_WARN_EMPTY_BODY = YES;
				CLANG_WARN_ENUM_CONVERSION = YES;
				CLANG_WARN_INFINITE_RECURSION = YES;
				CLANG_WARN_INT_CONVERSION = YES;
				CLANG_WARN_NON_LITERAL_NULL_CONVERSION = YES;
				CLANG_WARN_OBJC_IMPLICIT_RETAIN_SELF = YES;
				CLANG_WARN_OBJC_LITERAL_CONVERSION = YES;
				CLANG_WARN_OBJC_ROOT_CLASS = YES_ERROR;
				CLANG_WARN_QUOTED_INCLUDE_IN_FRAMEWORK_HEADER = YES;
				CLANG_WARN_RANGE_LOOP_ANALYSIS = YES;
				CLANG_WARN_STRICT_PROTOTYPES = YES;
				CLANG_WARN_SUSPICIOUS_MOVE = YES;
				CLANG_WARN_UNGUARDED_AVAILABILITY = YES_AGGRESSIVE;
				CLANG_WARN_UNREACHABLE_CODE = YES;
				CLANG_WARN__DUPLICATE_METHOD_MATCH = YES;
				COPY_PHASE_STRIP = NO;
				DEBUG_INFORMATION_FORMAT = dwarf;
				ENABLE_STRICT_OBJC_MSGSEND = YES;
				ENABLE_TESTABILITY = YES;
				GCC_C_LANGUAGE_STANDARD = gnu11;
				GCC_DYNAMIC_NO_PIC = NO;
				GCC_NO_COMMON_BLOCKS = YES;
				GCC_OPTIMIZATION_LEVEL = 0;
				GCC_PREPROCESSOR_DEFINITIONS = (
					"DEBUG=1",
					"$(inherited)",
				);
				GCC_WARN_64_TO_32_BIT_CONVERSION = YES;
				GCC_WARN_ABOUT_RETURN_TYPE = YES_ERROR;
				GCC_WARN_UNDECLARED_SELECTOR = YES;
				GCC_WARN_UNINITIALIZED_AUTOS = YES_AGGRESSIVE;
				GCC_WARN_UNUSED_FUNCTION = YES;
				GCC_WARN_UNUSED_VARIABLE = YES;
				IPHONEOS_DEPLOYMENT_TARGET = 15.0;
				MTL_ENABLE_DEBUG_INFO = INCLUDE_SOURCE;
				MTL_FAST_MATH = YES;
				ONLY_ACTIVE_ARCH = YES;
				SDKROOT = iphoneos;
				SWIFT_ACTIVE_COMPILATION_CONDITIONS = DEBUG;
				SWIFT_OPTIMIZATION_LEVEL = "-Onone";
			};
			name = Debug;
		};
		623ED2062786FAD8000247C0 /* Release */ = {
			isa = XCBuildConfiguration;
			buildSettings = {
				ALWAYS_SEARCH_USER_PATHS = NO;
				CLANG_ANALYZER_NONNULL = YES;
				CLANG_ANALYZER_NUMBER_OBJECT_CONVERSION = YES_AGGRESSIVE;
				CLANG_CXX_LANGUAGE_STANDARD = "gnu++17";
				CLANG_CXX_LIBRARY = "libc++";
				CLANG_ENABLE_MODULES = YES;
				CLANG_ENABLE_OBJC_ARC = YES;
				CLANG_ENABLE_OBJC_WEAK = YES;
				CLANG_WARN_BLOCK_CAPTURE_AUTORELEASING = YES;
				CLANG_WARN_BOOL_CONVERSION = YES;
				CLANG_WARN_COMMA = YES;
				CLANG_WARN_CONSTANT_CONVERSION = YES;
				CLANG_WARN_DEPRECATED_OBJC_IMPLEMENTATIONS = YES;
				CLANG_WARN_DIRECT_OBJC_ISA_USAGE = YES_ERROR;
				CLANG_WARN_DOCUMENTATION_COMMENTS = YES;
				CLANG_WARN_EMPTY_BODY = YES;
				CLANG_WARN_ENUM_CONVERSION = YES;
				CLANG_WARN_INFINITE_RECURSION = YES;
				CLANG_WARN_INT_CONVERSION = YES;
				CLANG_WARN_NON_LITERAL_NULL_CONVERSION = YES;
				CLANG_WARN_OBJC_IMPLICIT_RETAIN_SELF = YES;
				CLANG_WARN_OBJC_LITERAL_CONVERSION = YES;
				CLANG_WARN_OBJC_ROOT_CLASS = YES_ERROR;
				CLANG_WARN_QUOTED_INCLUDE_IN_FRAMEWORK_HEADER = YES;
				CLANG_WARN_RANGE_LOOP_ANALYSIS = YES;
				CLANG_WARN_STRICT_PROTOTYPES = YES;
				CLANG_WARN_SUSPICIOUS_MOVE = YES;
				CLANG_WARN_UNGUARDED_AVAILABILITY = YES_AGGRESSIVE;
				CLANG_WARN_UNREACHABLE_CODE = YES;
				CLANG_WARN__DUPLICATE_METHOD_MATCH = YES;
				COPY_PHASE_STRIP = NO;
				DEBUG_INFORMATION_FORMAT = "dwarf-with-dsym";
				ENABLE_NS_ASSERTIONS = NO;
				ENABLE_STRICT_OBJC_MSGSEND = YES;
				GCC_C_LANGUAGE_STANDARD = gnu11;
				GCC_NO_COMMON_BLOCKS = YES;
				GCC_WARN_64_TO_32_BIT_CONVERSION = YES;
				GCC_WARN_ABOUT_RETURN_TYPE = YES_ERROR;
				GCC_WARN_UNDECLARED_SELECTOR = YES;
				GCC_WARN_UNINITIALIZED_AUTOS = YES_AGGRESSIVE;
				GCC_WARN_UNUSED_FUNCTION = YES;
				GCC_WARN_UNUSED_VARIABLE = YES;
				IPHONEOS_DEPLOYMENT_TARGET = 15.0;
				MTL_ENABLE_DEBUG_INFO = NO;
				MTL_FAST_MATH = YES;
				SDKROOT = iphoneos;
				SWIFT_COMPILATION_MODE = wholemodule;
				SWIFT_OPTIMIZATION_LEVEL = "-O";
				VALIDATE_PRODUCT = YES;
			};
			name = Release;
		};
		623ED2082786FAD8000247C0 /* Debug */ = {
			isa = XCBuildConfiguration;
			buildSettings = {
				ASSETCATALOG_COMPILER_APPICON_NAME = AppIcon;
				ASSETCATALOG_COMPILER_GLOBAL_ACCENT_COLOR_NAME = AccentColor;
				CODE_SIGN_STYLE = Automatic;
				CURRENT_PROJECT_VERSION = 1;
				DEVELOPMENT_TEAM = PTCM37U384;
				GENERATE_INFOPLIST_FILE = YES;
				INFOPLIST_FILE = TipApp/Info.plist;
				INFOPLIST_KEY_UIApplicationSupportsIndirectInputEvents = YES;
				INFOPLIST_KEY_UILaunchStoryboardName = LaunchScreen;
				INFOPLIST_KEY_UIMainStoryboardFile = Main;
				INFOPLIST_KEY_UISupportedInterfaceOrientations_iPad = "UIInterfaceOrientationPortrait UIInterfaceOrientationPortraitUpsideDown UIInterfaceOrientationLandscapeLeft UIInterfaceOrientationLandscapeRight";
				INFOPLIST_KEY_UISupportedInterfaceOrientations_iPhone = "UIInterfaceOrientationPortrait UIInterfaceOrientationLandscapeLeft UIInterfaceOrientationLandscapeRight";
				LD_RUNPATH_SEARCH_PATHS = (
					"$(inherited)",
					"@executable_path/Frameworks",
				);
				MARKETING_VERSION = 1.0;
				PRODUCT_BUNDLE_IDENTIFIER = com.rajan.TipApp;
				PRODUCT_NAME = "$(TARGET_NAME)";
				SWIFT_EMIT_LOC_STRINGS = YES;
				SWIFT_VERSION = 5.0;
				TARGETED_DEVICE_FAMILY = "1,2";
			};
			name = Debug;
		};
		623ED2092786FAD8000247C0 /* Release */ = {
			isa = XCBuildConfiguration;
			buildSettings = {
				ASSETCATALOG_COMPILER_APPICON_NAME = AppIcon;
				ASSETCATALOG_COMPILER_GLOBAL_ACCENT_COLOR_NAME = AccentColor;
				CODE_SIGN_STYLE = Automatic;
				CURRENT_PROJECT_VERSION = 1;
				DEVELOPMENT_TEAM = PTCM37U384;
				GENERATE_INFOPLIST_FILE = YES;
				INFOPLIST_FILE = TipApp/Info.plist;
				INFOPLIST_KEY_UIApplicationSupportsIndirectInputEvents = YES;
				INFOPLIST_KEY_UILaunchStoryboardName = LaunchScreen;
				INFOPLIST_KEY_UIMainStoryboardFile = Main;
				INFOPLIST_KEY_UISupportedInterfaceOrientations_iPad = "UIInterfaceOrientationPortrait UIInterfaceOrientationPortraitUpsideDown UIInterfaceOrientationLandscapeLeft UIInterfaceOrientationLandscapeRight";
				INFOPLIST_KEY_UISupportedInterfaceOrientations_iPhone = "UIInterfaceOrientationPortrait UIInterfaceOrientationLandscapeLeft UIInterfaceOrientationLandscapeRight";
				LD_RUNPATH_SEARCH_PATHS = (
					"$(inherited)",
					"@executable_path/Frameworks",
				);
				MARKETING_VERSION = 1.0;
				PRODUCT_BUNDLE_IDENTIFIER = com.rajan.TipApp;
				PRODUCT_NAME = "$(TARGET_NAME)";
				SWIFT_EMIT_LOC_STRINGS = YES;
				SWIFT_VERSION = 5.0;
				TARGETED_DEVICE_FAMILY = "1,2";
			};
			name = Release;
		};
		623ED20B2786FAD8000247C0 /* Debug */ = {
			isa = XCBuildConfiguration;
			buildSettings = {
				ALWAYS_EMBED_SWIFT_STANDARD_LIBRARIES = YES;
				BUNDLE_LOADER = "$(TEST_HOST)";
				CODE_SIGN_STYLE = Automatic;
				CURRENT_PROJECT_VERSION = 1;
				DEVELOPMENT_TEAM = PTCM37U384;
				GENERATE_INFOPLIST_FILE = YES;
				IPHONEOS_DEPLOYMENT_TARGET = 15.0;
				LD_RUNPATH_SEARCH_PATHS = (
					"$(inherited)",
					"@executable_path/Frameworks",
					"@loader_path/Frameworks",
				);
				MARKETING_VERSION = 1.0;
				PRODUCT_BUNDLE_IDENTIFIER = com.rajan.TipAppTests;
				PRODUCT_NAME = "$(TARGET_NAME)";
				SWIFT_EMIT_LOC_STRINGS = NO;
				SWIFT_VERSION = 5.0;
				TARGETED_DEVICE_FAMILY = "1,2";
				TEST_HOST = "$(BUILT_PRODUCTS_DIR)/TipApp.app/TipApp";
			};
			name = Debug;
		};
		623ED20C2786FAD8000247C0 /* Release */ = {
			isa = XCBuildConfiguration;
			buildSettings = {
				ALWAYS_EMBED_SWIFT_STANDARD_LIBRARIES = YES;
				BUNDLE_LOADER = "$(TEST_HOST)";
				CODE_SIGN_STYLE = Automatic;
				CURRENT_PROJECT_VERSION = 1;
				DEVELOPMENT_TEAM = PTCM37U384;
				GENERATE_INFOPLIST_FILE = YES;
				IPHONEOS_DEPLOYMENT_TARGET = 15.0;
				LD_RUNPATH_SEARCH_PATHS = (
					"$(inherited)",
					"@executable_path/Frameworks",
					"@loader_path/Frameworks",
				);
				MARKETING_VERSION = 1.0;
				PRODUCT_BUNDLE_IDENTIFIER = com.rajan.TipAppTests;
				PRODUCT_NAME = "$(TARGET_NAME)";
				SWIFT_EMIT_LOC_STRINGS = NO;
				SWIFT_VERSION = 5.0;
				TARGETED_DEVICE_FAMILY = "1,2";
				TEST_HOST = "$(BUILT_PRODUCTS_DIR)/TipApp.app/TipApp";
			};
			name = Release;
		};
		623ED20E2786FAD8000247C0 /* Debug */ = {
			isa = XCBuildConfiguration;
			buildSettings = {
				ALWAYS_EMBED_SWIFT_STANDARD_LIBRARIES = YES;
				CODE_SIGN_STYLE = Automatic;
				CURRENT_PROJECT_VERSION = 1;
				DEVELOPMENT_TEAM = PTCM37U384;
				GENERATE_INFOPLIST_FILE = YES;
				LD_RUNPATH_SEARCH_PATHS = (
					"$(inherited)",
					"@executable_path/Frameworks",
					"@loader_path/Frameworks",
				);
				MARKETING_VERSION = 1.0;
				PRODUCT_BUNDLE_IDENTIFIER = com.rajan.TipAppUITests;
				PRODUCT_NAME = "$(TARGET_NAME)";
				SWIFT_EMIT_LOC_STRINGS = NO;
				SWIFT_VERSION = 5.0;
				TARGETED_DEVICE_FAMILY = "1,2";
				TEST_TARGET_NAME = TipApp;
			};
			name = Debug;
		};
		623ED20F2786FAD8000247C0 /* Release */ = {
			isa = XCBuildConfiguration;
			buildSettings = {
				ALWAYS_EMBED_SWIFT_STANDARD_LIBRARIES = YES;
				CODE_SIGN_STYLE = Automatic;
				CURRENT_PROJECT_VERSION = 1;
				DEVELOPMENT_TEAM = PTCM37U384;
				GENERATE_INFOPLIST_FILE = YES;
				LD_RUNPATH_SEARCH_PATHS = (
					"$(inherited)",
					"@executable_path/Frameworks",
					"@loader_path/Frameworks",
				);
				MARKETING_VERSION = 1.0;
				PRODUCT_BUNDLE_IDENTIFIER = com.rajan.TipAppUITests;
				PRODUCT_NAME = "$(TARGET_NAME)";
				SWIFT_EMIT_LOC_STRINGS = NO;
				SWIFT_VERSION = 5.0;
				TARGETED_DEVICE_FAMILY = "1,2";
				TEST_TARGET_NAME = TipApp;
			};
			name = Release;
		};
/* End XCBuildConfiguration section */

/* Begin XCConfigurationList section */
		623ED1D82786FAD5000247C0 /* Build configuration list for PBXProject "TipApp" */ = {
			isa = XCConfigurationList;
			buildConfigurations = (
				623ED2052786FAD8000247C0 /* Debug */,
				623ED2062786FAD8000247C0 /* Release */,
			);
			defaultConfigurationIsVisible = 0;
			defaultConfigurationName = Release;
		};
		623ED2072786FAD8000247C0 /* Build configuration list for PBXNativeTarget "TipApp" */ = {
			isa = XCConfigurationList;
			buildConfigurations = (
				623ED2082786FAD8000247C0 /* Debug */,
				623ED2092786FAD8000247C0 /* Release */,
			);
			defaultConfigurationIsVisible = 0;
			defaultConfigurationName = Release;
		};
		623ED20A2786FAD8000247C0 /* Build configuration list for PBXNativeTarget "TipAppTests" */ = {
			isa = XCConfigurationList;
			buildConfigurations = (
				623ED20B2786FAD8000247C0 /* Debug */,
				623ED20C2786FAD8000247C0 /* Release */,
			);
			defaultConfigurationIsVisible = 0;
			defaultConfigurationName = Release;
		};
		623ED20D2786FAD8000247C0 /* Build configuration list for PBXNativeTarget "TipAppUITests" */ = {
			isa = XCConfigurationList;
			buildConfigurations = (
				623ED20E2786FAD8000247C0 /* Debug */,
				623ED20F2786FAD8000247C0 /* Release */,
			);
			defaultConfigurationIsVisible = 0;
			defaultConfigurationName = Release;
		};
/* End XCConfigurationList section */
	};
	rootObject = 623ED1D52786FAD5000247C0 /* Project object */;
}
